
Microsoft Visual Studio Solution File, Format Version 12.00
# Visual Studio Version 16
VisualStudioVersion = 16.0.29613.14
MinimumVisualStudioVersion = 10.0.40219.1
Project("{FAE04EC0-301F-11D3-BF4B-00C04F79EFBC}") = "GestionePrestito", "GestionePrestito\GestionePrestito.csproj", "{14550BA6-4500-4871-BE52-431BF9E5D7D4}"
EndProject
Global
	GlobalSection(SolutionConfigurationPlatforms) = preSolution
		Debug|Any CPU = Debug|Any CPU
		Release|Any CPU = Release|Any CPU
	EndGlobalSection
	GlobalSection(ProjectConfigurationPlatforms) = postSolution
		{14550BA6-4500-4871-BE52-431BF9E5D7D4}.Debug|Any CPU.ActiveCfg = Debug|Any CPU
		{14550BA6-4500-4871-BE52-431BF9E5D7D4}.Debug|Any CPU.Build.0 = Debug|Any CPU
		{14550BA6-4500-4871-BE52-431BF9E5D7D4}.Release|Any CPU.ActiveCfg = Release|Any CPU
		{14550BA6-4500-4871-BE52-431BF9E5D7D4}.Release|Any CPU.Build.0 = Release|Any CPU
	EndGlobalSection
	GlobalSection(SolutionProperties) = preSolution
		HideSolutionNode = FALSE
	EndGlobalSection
	GlobalSection(ExtensibilityGlobals) = postSolution
		SolutionGuid = {B478772C-AAA1-45EA-AC23-E5017F2FF38F}
	EndGlobalSection
EndGlobal
